
Microsoft Visual Studio Solution File, Format Version 12.00
# Visual Studio Version 17
VisualStudioVersion = 17.0.32126.317
MinimumVisualStudioVersion = 10.0.40219.1
Project("{FAE04EC0-301F-11D3-BF4B-00C04F79EFBC}") = "01. Count Chars in a String", "01. Count Chars in a String\01. Count Chars in a String.csproj", "{489A83BD-D0EE-4178-BD95-859143BF592E}"
EndProject
Project("{FAE04EC0-301F-11D3-BF4B-00C04F79EFBC}") = "02. A Miner Task", "02. A Miner Task\02. A Miner Task.csproj", "{B166A417-24ED-446E-BE11-F0E7F457147B}"
EndProject
Project("{FAE04EC0-301F-11D3-BF4B-00C04F79EFBC}") = "03. Legendary Farming", "03. Legendary Farming\03. Legendary Farming.csproj", "{94E2E4B4-C32C-47DB-9B57-CF08498FA1FE}"
EndProject
Project("{FAE04EC0-301F-11D3-BF4B-00C04F79EFBC}") = "04. Orders", "04. Orders\04. Orders.csproj", "{8D282B51-8428-42FA-82ED-1C72A3D42FC7}"
EndProject
Project("{FAE04EC0-301F-11D3-BF4B-00C04F79EFBC}") = "05. SoftUni Parking", "05. SoftUni Parking\05. SoftUni Parking.csproj", "{EE868CB7-2CB6-46C6-B8D2-85673799F1AC}"
EndProject
Project("{FAE04EC0-301F-11D3-BF4B-00C04F79EFBC}") = "06. Courses", "06. Courses\06. Courses.csproj", "{69D8302E-EC32-4128-B1B5-56BD19F736A2}"
EndProject
Project("{FAE04EC0-301F-11D3-BF4B-00C04F79EFBC}") = "07. Student Academy", "07. Student Academy\07. Student Academy.csproj", "{B1BDE1CD-02A0-4FA1-9FF3-F678EC0CF33C}"
EndProject
Project("{FAE04EC0-301F-11D3-BF4B-00C04F79EFBC}") = "08. Company Users", "08. Company Users\08. Company Users.csproj", "{B47F5BDD-1C23-4050-9ACE-954F4462941E}"
EndProject
Global
	GlobalSection(SolutionConfigurationPlatforms) = preSolution
		Debug|Any CPU = Debug|Any CPU
		Release|Any CPU = Release|Any CPU
	EndGlobalSection
	GlobalSection(ProjectConfigurationPlatforms) = postSolution
		{489A83BD-D0EE-4178-BD95-859143BF592E}.Debug|Any CPU.ActiveCfg = Debug|Any CPU
		{489A83BD-D0EE-4178-BD95-859143BF592E}.Debug|Any CPU.Build.0 = Debug|Any CPU
		{489A83BD-D0EE-4178-BD95-859143BF592E}.Release|Any CPU.ActiveCfg = Release|Any CPU
		{489A83BD-D0EE-4178-BD95-859143BF592E}.Release|Any CPU.Build.0 = Release|Any CPU
		{B166A417-24ED-446E-BE11-F0E7F457147B}.Debug|Any CPU.ActiveCfg = Debug|Any CPU
		{B166A417-24ED-446E-BE11-F0E7F457147B}.Debug|Any CPU.Build.0 = Debug|Any CPU
		{B166A417-24ED-446E-BE11-F0E7F457147B}.Release|Any CPU.ActiveCfg = Release|Any CPU
		{B166A417-24ED-446E-BE11-F0E7F457147B}.Release|Any CPU.Build.0 = Release|Any CPU
		{94E2E4B4-C32C-47DB-9B57-CF08498FA1FE}.Debug|Any CPU.ActiveCfg = Debug|Any CPU
		{94E2E4B4-C32C-47DB-9B57-CF08498FA1FE}.Debug|Any CPU.Build.0 = Debug|Any CPU
		{94E2E4B4-C32C-47DB-9B57-CF08498FA1FE}.Release|Any CPU.ActiveCfg = Release|Any CPU
		{94E2E4B4-C32C-47DB-9B57-CF08498FA1FE}.Release|Any CPU.Build.0 = Release|Any CPU
		{8D282B51-8428-42FA-82ED-1C72A3D42FC7}.Debug|Any CPU.ActiveCfg = Debug|Any CPU
		{8D282B51-8428-42FA-82ED-1C72A3D42FC7}.Debug|Any CPU.Build.0 = Debug|Any CPU
		{8D282B51-8428-42FA-82ED-1C72A3D42FC7}.Release|Any CPU.ActiveCfg = Release|Any CPU
		{8D282B51-8428-42FA-82ED-1C72A3D42FC7}.Release|Any CPU.Build.0 = Release|Any CPU
		{EE868CB7-2CB6-46C6-B8D2-85673799F1AC}.Debug|Any CPU.ActiveCfg = Debug|Any CPU
		{EE868CB7-2CB6-46C6-B8D2-85673799F1AC}.Debug|Any CPU.Build.0 = Debug|Any CPU
		{EE868CB7-2CB6-46C6-B8D2-85673799F1AC}.Release|Any CPU.ActiveCfg = Release|Any CPU
		{EE868CB7-2CB6-46C6-B8D2-85673799F1AC}.Release|Any CPU.Build.0 = Release|Any CPU
		{69D8302E-EC32-4128-B1B5-56BD19F736A2}.Debug|Any CPU.ActiveCfg = Debug|Any CPU
		{69D8302E-EC32-4128-B1B5-56BD19F736A2}.Debug|Any CPU.Build.0 = Debug|Any CPU
		{69D8302E-EC32-4128-B1B5-56BD19F736A2}.Release|Any CPU.ActiveCfg = Release|Any CPU
		{69D8302E-EC32-4128-B1B5-56BD19F736A2}.Release|Any CPU.Build.0 = Release|Any CPU
		{B1BDE1CD-02A0-4FA1-9FF3-F678EC0CF33C}.Debug|Any CPU.ActiveCfg = Debug|Any CPU
		{B1BDE1CD-02A0-4FA1-9FF3-F678EC0CF33C}.Debug|Any CPU.Build.0 = Debug|Any CPU
		{B1BDE1CD-02A0-4FA1-9FF3-F678EC0CF33C}.Release|Any CPU.ActiveCfg = Release|Any CPU
		{B1BDE1CD-02A0-4FA1-9FF3-F678EC0CF33C}.Release|Any CPU.Build.0 = Release|Any CPU
		{B47F5BDD-1C23-4050-9ACE-954F4462941E}.Debug|Any CPU.ActiveCfg = Debug|Any CPU
		{B47F5BDD-1C23-4050-9ACE-954F4462941E}.Debug|Any CPU.Build.0 = Debug|Any CPU
		{B47F5BDD-1C23-4050-9ACE-954F4462941E}.Release|Any CPU.ActiveCfg = Release|Any CPU
		{B47F5BDD-1C23-4050-9ACE-954F4462941E}.Release|Any CPU.Build.0 = Release|Any CPU
	EndGlobalSection
	GlobalSection(SolutionProperties) = preSolution
		HideSolutionNode = FALSE
	EndGlobalSection
	GlobalSection(ExtensibilityGlobals) = postSolution
		SolutionGuid = {7A31E911-9709-44B9-9973-7CE1245021B4}
	EndGlobalSection
EndGlobal
