
Microsoft Visual Studio Solution File, Format Version 12.00
# Visual Studio Version 16
VisualStudioVersion = 16.0.30717.126
MinimumVisualStudioVersion = 10.0.40219.1
Project("{FAE04EC0-301F-11D3-BF4B-00C04F79EFBC}") = "Arrays", "Arrays\Arrays.csproj", "{05A57AF2-4A23-4283-A32D-7AB25BFC5B4B}"
EndProject
Project("{FAE04EC0-301F-11D3-BF4B-00C04F79EFBC}") = "Common Elements", "Common Elements\Common Elements.csproj", "{32F8AB69-1764-49F0-8C7C-FA21FC8BD8F1}"
EndProject
Project("{FAE04EC0-301F-11D3-BF4B-00C04F79EFBC}") = "Zig-Zag Arrays", "Zig-Zag Arrays\Zig-Zag Arrays.csproj", "{D68D41EC-945B-4103-AEAA-31B98B8297BA}"
EndProject
Project("{FAE04EC0-301F-11D3-BF4B-00C04F79EFBC}") = "Array Rotation", "Array Rotation\Array Rotation.csproj", "{6F515E03-2516-4D45-B6BB-99D9E2796B56}"
EndProject
Project("{FAE04EC0-301F-11D3-BF4B-00C04F79EFBC}") = "Top Integers", "Top Integers\Top Integers.csproj", "{EBED8398-6F1E-4FF8-A197-CEDC18607587}"
EndProject
Project("{FAE04EC0-301F-11D3-BF4B-00C04F79EFBC}") = "Equal Sums", "Equal Sums\Equal Sums.csproj", "{DA8CA3DD-4C9D-4673-AEB1-309F35200414}"
EndProject
Project("{FAE04EC0-301F-11D3-BF4B-00C04F79EFBC}") = "Max Sequence of Equal Elements", "Max Sequence of Equal Elements\Max Sequence of Equal Elements.csproj", "{37614B82-B1D0-40A0-815A-F5BEE567B328}"
EndProject
Project("{FAE04EC0-301F-11D3-BF4B-00C04F79EFBC}") = "Magic Sum", "Magic Sum\Magic Sum.csproj", "{FC5B8640-0C2F-487F-8009-510E6CD7374B}"
EndProject
Project("{FAE04EC0-301F-11D3-BF4B-00C04F79EFBC}") = "Kamino Factory", "Kamino Factory\Kamino Factory.csproj", "{5DCA7B14-A100-4FE5-B3CE-B5FA02EC6348}"
EndProject
Global
	GlobalSection(SolutionConfigurationPlatforms) = preSolution
		Debug|Any CPU = Debug|Any CPU
		Release|Any CPU = Release|Any CPU
	EndGlobalSection
	GlobalSection(ProjectConfigurationPlatforms) = postSolution
		{05A57AF2-4A23-4283-A32D-7AB25BFC5B4B}.Debug|Any CPU.ActiveCfg = Debug|Any CPU
		{05A57AF2-4A23-4283-A32D-7AB25BFC5B4B}.Debug|Any CPU.Build.0 = Debug|Any CPU
		{05A57AF2-4A23-4283-A32D-7AB25BFC5B4B}.Release|Any CPU.ActiveCfg = Release|Any CPU
		{05A57AF2-4A23-4283-A32D-7AB25BFC5B4B}.Release|Any CPU.Build.0 = Release|Any CPU
		{32F8AB69-1764-49F0-8C7C-FA21FC8BD8F1}.Debug|Any CPU.ActiveCfg = Debug|Any CPU
		{32F8AB69-1764-49F0-8C7C-FA21FC8BD8F1}.Debug|Any CPU.Build.0 = Debug|Any CPU
		{32F8AB69-1764-49F0-8C7C-FA21FC8BD8F1}.Release|Any CPU.ActiveCfg = Release|Any CPU
		{32F8AB69-1764-49F0-8C7C-FA21FC8BD8F1}.Release|Any CPU.Build.0 = Release|Any CPU
		{D68D41EC-945B-4103-AEAA-31B98B8297BA}.Debug|Any CPU.ActiveCfg = Debug|Any CPU
		{D68D41EC-945B-4103-AEAA-31B98B8297BA}.Debug|Any CPU.Build.0 = Debug|Any CPU
		{D68D41EC-945B-4103-AEAA-31B98B8297BA}.Release|Any CPU.ActiveCfg = Release|Any CPU
		{D68D41EC-945B-4103-AEAA-31B98B8297BA}.Release|Any CPU.Build.0 = Release|Any CPU
		{6F515E03-2516-4D45-B6BB-99D9E2796B56}.Debug|Any CPU.ActiveCfg = Debug|Any CPU
		{6F515E03-2516-4D45-B6BB-99D9E2796B56}.Debug|Any CPU.Build.0 = Debug|Any CPU
		{6F515E03-2516-4D45-B6BB-99D9E2796B56}.Release|Any CPU.ActiveCfg = Release|Any CPU
		{6F515E03-2516-4D45-B6BB-99D9E2796B56}.Release|Any CPU.Build.0 = Release|Any CPU
		{EBED8398-6F1E-4FF8-A197-CEDC18607587}.Debug|Any CPU.ActiveCfg = Debug|Any CPU
		{EBED8398-6F1E-4FF8-A197-CEDC18607587}.Debug|Any CPU.Build.0 = Debug|Any CPU
		{EBED8398-6F1E-4FF8-A197-CEDC18607587}.Release|Any CPU.ActiveCfg = Release|Any CPU
		{EBED8398-6F1E-4FF8-A197-CEDC18607587}.Release|Any CPU.Build.0 = Release|Any CPU
		{DA8CA3DD-4C9D-4673-AEB1-309F35200414}.Debug|Any CPU.ActiveCfg = Debug|Any CPU
		{DA8CA3DD-4C9D-4673-AEB1-309F35200414}.Debug|Any CPU.Build.0 = Debug|Any CPU
		{DA8CA3DD-4C9D-4673-AEB1-309F35200414}.Release|Any CPU.ActiveCfg = Release|Any CPU
		{DA8CA3DD-4C9D-4673-AEB1-309F35200414}.Release|Any CPU.Build.0 = Release|Any CPU
		{37614B82-B1D0-40A0-815A-F5BEE567B328}.Debug|Any CPU.ActiveCfg = Debug|Any CPU
		{37614B82-B1D0-40A0-815A-F5BEE567B328}.Debug|Any CPU.Build.0 = Debug|Any CPU
		{37614B82-B1D0-40A0-815A-F5BEE567B328}.Release|Any CPU.ActiveCfg = Release|Any CPU
		{37614B82-B1D0-40A0-815A-F5BEE567B328}.Release|Any CPU.Build.0 = Release|Any CPU
		{FC5B8640-0C2F-487F-8009-510E6CD7374B}.Debug|Any CPU.ActiveCfg = Debug|Any CPU
		{FC5B8640-0C2F-487F-8009-510E6CD7374B}.Debug|Any CPU.Build.0 = Debug|Any CPU
		{FC5B8640-0C2F-487F-8009-510E6CD7374B}.Release|Any CPU.ActiveCfg = Release|Any CPU
		{FC5B8640-0C2F-487F-8009-510E6CD7374B}.Release|Any CPU.Build.0 = Release|Any CPU
		{5DCA7B14-A100-4FE5-B3CE-B5FA02EC6348}.Debug|Any CPU.ActiveCfg = Debug|Any CPU
		{5DCA7B14-A100-4FE5-B3CE-B5FA02EC6348}.Debug|Any CPU.Build.0 = Debug|Any CPU
		{5DCA7B14-A100-4FE5-B3CE-B5FA02EC6348}.Release|Any CPU.ActiveCfg = Release|Any CPU
		{5DCA7B14-A100-4FE5-B3CE-B5FA02EC6348}.Release|Any CPU.Build.0 = Release|Any CPU
	EndGlobalSection
	GlobalSection(SolutionProperties) = preSolution
		HideSolutionNode = FALSE
	EndGlobalSection
	GlobalSection(ExtensibilityGlobals) = postSolution
		SolutionGuid = {C39AEFE6-ED00-41E6-9C49-B8FF28AB4D29}
	EndGlobalSection
EndGlobal
